
Microsoft Visual Studio Solution File, Format Version 12.00
# Visual Studio Version 16
VisualStudioVersion = 16.0.30907.101
MinimumVisualStudioVersion = 10.0.40219.1
Project("{FAE04EC0-301F-11D3-BF4B-00C04F79EFBC}") = "ExaminaFinalVersion_Wallahi", "ExaminaFinalVersion Wallahi\ExaminaFinalVersion_Wallahi.csproj", "{2A057655-F9AB-4C5C-8FF8-00473020202E}"
EndProject
Global
	GlobalSection(SolutionConfigurationPlatforms) = preSolution
		Debug|Any CPU = Debug|Any CPU
		Release|Any CPU = Release|Any CPU
	EndGlobalSection
	GlobalSection(ProjectConfigurationPlatforms) = postSolution
		{2A057655-F9AB-4C5C-8FF8-00473020202E}.Debug|Any CPU.ActiveCfg = Debug|Any CPU
		{2A057655-F9AB-4C5C-8FF8-00473020202E}.Debug|Any CPU.Build.0 = Debug|Any CPU
		{2A057655-F9AB-4C5C-8FF8-00473020202E}.Release|Any CPU.ActiveCfg = Release|Any CPU
		{2A057655-F9AB-4C5C-8FF8-00473020202E}.Release|Any CPU.Build.0 = Release|Any CPU
	EndGlobalSection
	GlobalSection(SolutionProperties) = preSolution
		HideSolutionNode = FALSE
	EndGlobalSection
	GlobalSection(ExtensibilityGlobals) = postSolution
		SolutionGuid = {CB8F39FB-F5FF-4EA7-9B7A-8992BBC25DFD}
	EndGlobalSection
EndGlobal
